// !$*UTF8*$!
{
	archiveVersion = 1;
	classes = {
	};
	objectVersion = 46;
	objects = {

/* Begin PBXBuildFile section */
		FC7C5B6A1C725D08004EB948 /* AppDelegate.swift in Sources */ = {isa = PBXBuildFile; fileRef = FC7C5B691C725D08004EB948 /* AppDelegate.swift */; };
		FC7C5B6C1C725D08004EB948 /* ViewController.swift in Sources */ = {isa = PBXBuildFile; fileRef = FC7C5B6B1C725D08004EB948 /* ViewController.swift */; };
		FC7C5B6F1C725D08004EB948 /* Main.storyboard in Resources */ = {isa = PBXBuildFile; fileRef = FC7C5B6D1C725D08004EB948 /* Main.storyboard */; };
		FC7C5B711C725D08004EB948 /* Assets.xcassets in Resources */ = {isa = PBXBuildFile; fileRef = FC7C5B701C725D08004EB948 /* Assets.xcassets */; };
		FC7C5B741C725D08004EB948 /* LaunchScreen.storyboard in Resources */ = {isa = PBXBuildFile; fileRef = FC7C5B721C725D08004EB948 /* LaunchScreen.storyboard */; };
		FC7C5B7E1C725D58004EB948 /* MyObjectiveCAPI.m in Sources */ = {isa = PBXBuildFile; fileRef = FC7C5B7D1C725D58004EB948 /* MyObjectiveCAPI.m */; };
/* End PBXBuildFile section */

/* Begin PBXFileReference section */
		FC7C5B661C725D08004EB948 /* ObjectiveCSwift.app */ = {isa = PBXFileReference; explicitFileType = wrapper.application; includeInIndex = 0; path = ObjectiveCSwift.app; sourceTree = BUILT_PRODUCTS_DIR; };
		FC7C5B691C725D08004EB948 /* AppDelegate.swift */ = {isa = PBXFileReference; lastKnownFileType = sourcecode.swift; path = AppDelegate.swift; sourceTree = "<group>"; };
		FC7C5B6B1C725D08004EB948 /* ViewController.swift */ = {isa = PBXFileReference; lastKnownFileType = sourcecode.swift; path = ViewController.swift; sourceTree = "<group>"; };
		FC7C5B6E1C725D08004EB948 /* Base */ = {isa = PBXFileReference; lastKnownFileType = file.storyboard; name = Base; path = Base.lproj/Main.storyboard; sourceTree = "<group>"; };
		FC7C5B701C725D08004EB948 /* Assets.xcassets */ = {isa = PBXFileReference; lastKnownFileType = folder.assetcatalog; path = Assets.xcassets; sourceTree = "<group>"; };
		FC7C5B731C725D08004EB948 /* Base */ = {isa = PBXFileReference; lastKnownFileType = file.storyboard; name = Base; path = Base.lproj/LaunchScreen.storyboard; sourceTree = "<group>"; };
		FC7C5B751C725D08004EB948 /* Info.plist */ = {isa = PBXFileReference; lastKnownFileType = text.plist.xml; path = Info.plist; sourceTree = "<group>"; };
		FC7C5B7B1C725D57004EB948 /* ObjectiveCSwift-Bridging-Header.h */ = {isa = PBXFileReference; lastKnownFileType = sourcecode.c.h; path = "ObjectiveCSwift-Bridging-Header.h"; sourceTree = "<group>"; };
		FC7C5B7C1C725D58004EB948 /* MyObjectiveCAPI.h */ = {isa = PBXFileReference; fileEncoding = 4; lastKnownFileType = sourcecode.c.h; path = MyObjectiveCAPI.h; sourceTree = "<group>"; };
		FC7C5B7D1C725D58004EB948 /* MyObjectiveCAPI.m */ = {isa = PBXFileReference; fileEncoding = 4; lastKnownFileType = sourcecode.c.objc; path = MyObjectiveCAPI.m; sourceTree = "<group>"; };
/* End PBXFileReference section */

/* Begin PBXFrameworksBuildPhase section */
		FC7C5B631C725D08004EB948 /* Frameworks */ = {
			isa = PBXFrameworksBuildPhase;
			buildActionMask = 2147483647;
			files = (
			);
			runOnlyForDeploymentPostprocessing = 0;
		};
/* End PBXFrameworksBuildPhase section */

/* Begin PBXGroup section */
		FC7C5B5D1C725D08004EB948 = {
			isa = PBXGroup;
			children = (
				FC7C5B681C725D08004EB948 /* ObjectiveCSwift */,
				FC7C5B671C725D08004EB948 /* Products */,
			);
			sourceTree = "<group>";
		};
		FC7C5B671C725D08004EB948 /* Products */ = {
			isa = PBXGroup;
			children = (
				FC7C5B661C725D08004EB948 /* ObjectiveCSwift.app */,
			);
			name = Products;
			sourceTree = "<group>";
		};
		FC7C5B681C725D08004EB948 /* ObjectiveCSwift */ = {
			isa = PBXGroup;
			children = (
				FC7C5B691C725D08004EB948 /* AppDelegate.swift */,
				FC7C5B6B1C725D08004EB948 /* ViewController.swift */,
				FC7C5B6D1C725D08004EB948 /* Main.storyboard */,
				FC7C5B701C725D08004EB948 /* Assets.xcassets */,
				FC7C5B721C725D08004EB948 /* LaunchScreen.storyboard */,
				FC7C5B751C725D08004EB948 /* Info.plist */,
				FC7C5B7C1C725D58004EB948 /* MyObjectiveCAPI.h */,
				FC7C5B7D1C725D58004EB948 /* MyObjectiveCAPI.m */,
				FC7C5B7B1C725D57004EB948 /* ObjectiveCSwift-Bridging-Header.h */,
			);
			path = ObjectiveCSwift;
			sourceTree = "<group>";
		};
/* End PBXGroup section */

/* Begin PBXNativeTarget section */
		FC7C5B651C725D08004EB948 /* ObjectiveCSwift */ = {
			isa = PBXNativeTarget;
			buildConfigurationList = FC7C5B781C725D08004EB948 /* Build configuration list for PBXNativeTarget "ObjectiveCSwift" */;
			buildPhases = (
				FC7C5B621C725D08004EB948 /* Sources */,
				FC7C5B631C725D08004EB948 /* Frameworks */,
				FC7C5B641C725D08004EB948 /* Resources */,
			);
			buildRules = (
			);
			dependencies = (
			);
			name = ObjectiveCSwift;
			productName = ObjectiveCSwift;
			productReference = FC7C5B661C725D08004EB948 /* ObjectiveCSwift.app */;
			productType = "com.apple.product-type.application";
		};
/* End PBXNativeTarget section */

/* Begin PBXProject section */
		FC7C5B5E1C725D08004EB948 /* Project object */ = {
			isa = PBXProject;
			attributes = {
				LastSwiftUpdateCheck = 0720;
				LastUpgradeCheck = 0720;
				ORGANIZATIONNAME = Flounderware;
				TargetAttributes = {
					FC7C5B651C725D08004EB948 = {
						CreatedOnToolsVersion = 7.2;
					};
				};
			};
			buildConfigurationList = FC7C5B611C725D08004EB948 /* Build configuration list for PBXProject "ObjectiveCSwift" */;
			compatibilityVersion = "Xcode 3.2";
			developmentRegion = English;
			hasScannedForEncodings = 0;
			knownRegions = (
				en,
				Base,
			);
			mainGroup = FC7C5B5D1C725D08004EB948;
			productRefGroup = FC7C5B671C725D08004EB948 /* Products */;
			projectDirPath = "";
			projectRoot = "";
			targets = (
				FC7C5B651C725D08004EB948 /* ObjectiveCSwift */,
			);
		};
/* End PBXProject section */

/* Begin PBXResourcesBuildPhase section */
		FC7C5B641C725D08004EB948 /* Resources */ = {
			isa = PBXResourcesBuildPhase;
			buildActionMask = 2147483647;
			files = (
				FC7C5B741C725D08004EB948 /* LaunchScreen.storyboard in Resources */,
				FC7C5B711C725D08004EB948 /* Assets.xcassets in Resources */,
				FC7C5B6F1C725D08004EB948 /* Main.storyboard in Resources */,
			);
			runOnlyForDeploymentPostprocessing = 0;
		};
/* End PBXResourcesBuildPhase section */

/* Begin PBXSourcesBuildPhase section */
		FC7C5B621C725D08004EB948 /* Sources */ = {
			isa = PBXSourcesBuildPhase;
			buildActionMask = 2147483647;
			files = (
				FC7C5B6C1C725D08004EB948 /* ViewController.swift in Sources */,
				FC7C5B6A1C725D08004EB948 /* AppDelegate.swift in Sources */,
				FC7C5B7E1C725D58004EB948 /* MyObjectiveCAPI.m in Sources */,
			);
			runOnlyForDeploymentPostprocessing = 0;
		};
/* End PBXSourcesBuildPhase section */

/* Begin PBXVariantGroup section */
		FC7C5B6D1C725D08004EB948 /* Main.storyboard */ = {
			isa = PBXVariantGroup;
			children = (
				FC7C5B6E1C725D08004EB948 /* Base */,
			);
			name = Main.storyboard;
			sourceTree = "<group>";
		};
		FC7C5B721C725D08004EB948 /* LaunchScreen.storyboard */ = {
			isa = PBXVariantGroup;
			children = (
				FC7C5B731C725D08004EB948 /* Base */,
			);
			name = LaunchScreen.storyboard;
			sourceTree = "<group>";
		};
/* End PBXVariantGroup section */

/* Begin XCBuildConfiguration section */
		FC7C5B761C725D08004EB948 /* Debug */ = {
			isa = XCBuildConfiguration;
			buildSettings = {
				ALWAYS_SEARCH_USER_PATHS = NO;
				CLANG_CXX_LANGUAGE_STANDARD = "gnu++0x";
				CLANG_CXX_LIBRARY = "libc++";
				CLANG_ENABLE_MODULES = YES;
				CLANG_ENABLE_OBJC_ARC = YES;
				CLANG_WARN_BOOL_CONVERSION = YES;
				CLANG_WARN_CONSTANT_CONVERSION = YES;
				CLANG_WARN_DIRECT_OBJC_ISA_USAGE = YES_ERROR;
				CLANG_WARN_EMPTY_BODY = YES;
				CLANG_WARN_ENUM_CONVERSION = YES;
				CLANG_WARN_INT_CONVERSION = YES;
				CLANG_WARN_OBJC_ROOT_CLASS = YES_ERROR;
				CLANG_WARN_UNREACHABLE_CODE = YES;
				CLANG_WARN__DUPLICATE_METHOD_MATCH = YES;
				"CODE_SIGN_IDENTITY[sdk=iphoneos*]" = "iPhone Developer";
				COPY_PHASE_STRIP = NO;
				DEBUG_INFORMATION_FORMAT = dwarf;
				ENABLE_STRICT_OBJC_MSGSEND = YES;
				ENABLE_TESTABILITY = YES;
				GCC_C_LANGUAGE_STANDARD = gnu99;
				GCC_DYNAMIC_NO_PIC = NO;
				GCC_NO_COMMON_BLOCKS = YES;
				GCC_OPTIMIZATION_LEVEL = 0;
				GCC_PREPROCESSOR_DEFINITIONS = (
					"DEBUG=1",
					"$(inherited)",
				);
				GCC_WARN_64_TO_32_BIT_CONVERSION = YES;
				GCC_WARN_ABOUT_RETURN_TYPE = YES_ERROR;
				GCC_WARN_UNDECLARED_SELECTOR = YES;
				GCC_WARN_UNINITIALIZED_AUTOS = YES_AGGRESSIVE;
				GCC_WARN_UNUSED_FUNCTION = YES;
				GCC_WARN_UNUSED_VARIABLE = YES;
				IPHONEOS_DEPLOYMENT_TARGET = 9.2;
				MTL_ENABLE_DEBUG_INFO = YES;
				ONLY_ACTIVE_ARCH = YES;
				SDKROOT = iphoneos;
				SWIFT_OPTIMIZATION_LEVEL = "-Onone";
				TARGETED_DEVICE_FAMILY = "1,2";
			};
			name = Debug;
		};
		FC7C5B771C725D08004EB948 /* Release */ = {
			isa = XCBuildConfiguration;
			buildSettings = {
				ALWAYS_SEARCH_USER_PATHS = NO;
				CLANG_CXX_LANGUAGE_STANDARD = "gnu++0x";
				CLANG_CXX_LIBRARY = "libc++";
				CLANG_ENABLE_MODULES = YES;
				CLANG_ENABLE_OBJC_ARC = YES;
				CLANG_WARN_BOOL_CONVERSION = YES;
				CLANG_WARN_CONSTANT_CONVERSION = YES;
				CLANG_WARN_DIRECT_OBJC_ISA_USAGE = YES_ERROR;
				CLANG_WARN_EMPTY_BODY = YES;
				CLANG_WARN_ENUM_CONVERSION = YES;
				CLANG_WARN_INT_CONVERSION = YES;
				CLANG_WARN_OBJC_ROOT_CLASS = YES_ERROR;
				CLANG_WARN_UNREACHABLE_CODE = YES;
				CLANG_WARN__DUPLICATE_METHOD_MATCH = YES;
				"CODE_SIGN_IDENTITY[sdk=iphoneos*]" = "iPhone Developer";
				COPY_PHASE_STRIP = NO;
				DEBUG_INFORMATION_FORMAT = "dwarf-with-dsym";
				ENABLE_NS_ASSERTIONS = NO;
				ENABLE_STRICT_OBJC_MSGSEND = YES;
				GCC_C_LANGUAGE_STANDARD = gnu99;
				GCC_NO_COMMON_BLOCKS = YES;
				GCC_WARN_64_TO_32_BIT_CONVERSION = YES;
				GCC_WARN_ABOUT_RETURN_TYPE = YES_ERROR;
				GCC_WARN_UNDECLARED_SELECTOR = YES;
				GCC_WARN_UNINITIALIZED_AUTOS = YES_AGGRESSIVE;
				GCC_WARN_UNUSED_FUNCTION = YES;
				GCC_WARN_UNUSED_VARIABLE = YES;
				IPHONEOS_DEPLOYMENT_TARGET = 9.2;
				MTL_ENABLE_DEBUG_INFO = NO;
				SDKROOT = iphoneos;
				TARGETED_DEVICE_FAMILY = "1,2";
				VALIDATE_PRODUCT = YES;
			};
			name = Release;
		};
		FC7C5B791C725D08004EB948 /* Debug */ = {
			isa = XCBuildConfiguration;
			buildSettings = {
				ASSETCATALOG_COMPILER_APPICON_NAME = AppIcon;
				CLANG_ENABLE_MODULES = YES;
				INFOPLIST_FILE = ObjectiveCSwift/Info.plist;
				LD_RUNPATH_SEARCH_PATHS = "$(inherited) @executable_path/Frameworks";
				PRODUCT_BUNDLE_IDENTIFIER = com.flounderware.ObjectiveCSwift;
				PRODUCT_NAME = "$(TARGET_NAME)";
				SWIFT_OBJC_BRIDGING_HEADER = "ObjectiveCSwift/ObjectiveCSwift-Bridging-Header.h";
				SWIFT_OPTIMIZATION_LEVEL = "-Onone";
			};
			name = Debug;
		};
		FC7C5B7A1C725D08004EB948 /* Release */ = {
			isa = XCBuildConfiguration;
			buildSettings = {
				ASSETCATALOG_COMPILER_APPICON_NAME = AppIcon;
				CLANG_ENABLE_MODULES = YES;
				INFOPLIST_FILE = ObjectiveCSwift/Info.plist;
				LD_RUNPATH_SEARCH_PATHS = "$(inherited) @executable_path/Frameworks";
				PRODUCT_BUNDLE_IDENTIFIER = com.flounderware.ObjectiveCSwift;
				PRODUCT_NAME = "$(TARGET_NAME)";
				SWIFT_OBJC_BRIDGING_HEADER = "ObjectiveCSwift/ObjectiveCSwift-Bridging-Header.h";
			};
			name = Release;
		};
/* End XCBuildConfiguration section */

/* Begin XCConfigurationList section */
		FC7C5B611C725D08004EB948 /* Build configuration list for PBXProject "ObjectiveCSwift" */ = {
			isa = XCConfigurationList;
			buildConfigurations = (
				FC7C5B761C725D08004EB948 /* Debug */,
				FC7C5B771C725D08004EB948 /* Release */,
			);
			defaultConfigurationIsVisible = 0;
			defaultConfigurationName = Release;
		};
		FC7C5B781C725D08004EB948 /* Build configuration list for PBXNativeTarget "ObjectiveCSwift" */ = {
			isa = XCConfigurationList;
			buildConfigurations = (
				FC7C5B791C725D08004EB948 /* Debug */,
				FC7C5B7A1C725D08004EB948 /* Release */,
			);
			defaultConfigurationIsVisible = 0;
		};
/* End XCConfigurationList section */
	};
	rootObject = FC7C5B5E1C725D08004EB948 /* Project object */;
}
